Microsoft Visual Studio Solution File, Format Version 12.00
# Visual Studio 2012
Project("{FAE04EC0-301F-11D3-BF4B-00C04F79EFBC}") = "medieval-conquerors", "medieval-conquerors.csproj", "{ACB60CF5-6972-4585-A1AD-8692F900F215}"
EndProject
Global
	GlobalSection(SolutionConfigurationPlatforms) = preSolution
	Debug|Any CPU = Debug|Any CPU
	ExportDebug|Any CPU = ExportDebug|Any CPU
	ExportRelease|Any CPU = ExportRelease|Any CPU
	EndGlobalSection
	GlobalSection(ProjectConfigurationPlatforms) = postSolution
		{ACB60CF5-6972-4585-A1AD-8692F900F215}.Debug|Any CPU.ActiveCfg = Debug|Any CPU
		{ACB60CF5-6972-4585-A1AD-8692F900F215}.Debug|Any CPU.Build.0 = Debug|Any CPU
		{ACB60CF5-6972-4585-A1AD-8692F900F215}.ExportDebug|Any CPU.ActiveCfg = ExportDebug|Any CPU
		{ACB60CF5-6972-4585-A1AD-8692F900F215}.ExportDebug|Any CPU.Build.0 = ExportDebug|Any CPU
		{ACB60CF5-6972-4585-A1AD-8692F900F215}.ExportRelease|Any CPU.ActiveCfg = ExportRelease|Any CPU
		{ACB60CF5-6972-4585-A1AD-8692F900F215}.ExportRelease|Any CPU.Build.0 = ExportRelease|Any CPU
		{F1916180-6FAF-4B42-87CF-8D3A80EE4158}.Debug|Any CPU.ActiveCfg = Debug|Any CPU
		{F1916180-6FAF-4B42-87CF-8D3A80EE4158}.Debug|Any CPU.Build.0 = Debug|Any CPU
		{F1916180-6FAF-4B42-87CF-8D3A80EE4158}.ExportDebug|Any CPU.ActiveCfg = Debug|Any CPU
		{F1916180-6FAF-4B42-87CF-8D3A80EE4158}.ExportDebug|Any CPU.Build.0 = Debug|Any CPU
		{F1916180-6FAF-4B42-87CF-8D3A80EE4158}.ExportRelease|Any CPU.ActiveCfg = Debug|Any CPU
		{F1916180-6FAF-4B42-87CF-8D3A80EE4158}.ExportRelease|Any CPU.Build.0 = Debug|Any CPU
	EndGlobalSection
EndGlobal
